
Microsoft Visual Studio Solution File, Format Version 12.00
# Visual Studio 14
VisualStudioVersion = 14.0.25420.1
MinimumVisualStudioVersion = 10.0.40219.1
Project("{FAE04EC0-301F-11D3-BF4B-00C04F79EFBC}") = "Basler", "Basler\Basler.csproj", "{2285A3A4-0FE7-4281-A52B-7B2DDBE13DD3}"
EndProject
Project("{FAE04EC0-301F-11D3-BF4B-00C04F79EFBC}") = "TEST", "TEST\TEST.csproj", "{8EC9192C-4ED0-4719-A719-849664B3C4D3}"
EndProject
Project("{FAE04EC0-301F-11D3-BF4B-00C04F79EFBC}") = "PylonLiveView", "..\..\OneDrive\code\BaslerCamera\Basler.Pylon\PylonLiveView\PylonLiveView.csproj", "{F3B8803F-5231-4D54-B588-10BB340890A5}"
EndProject
Global
	GlobalSection(SolutionConfigurationPlatforms) = preSolution
		Debug|x86 = Debug|x86
		Release|x86 = Release|x86
	EndGlobalSection
	GlobalSection(ProjectConfigurationPlatforms) = postSolution
		{2285A3A4-0FE7-4281-A52B-7B2DDBE13DD3}.Debug|x86.ActiveCfg = Debug|x86
		{2285A3A4-0FE7-4281-A52B-7B2DDBE13DD3}.Debug|x86.Build.0 = Debug|x86
		{2285A3A4-0FE7-4281-A52B-7B2DDBE13DD3}.Release|x86.ActiveCfg = Release|Any CPU
		{2285A3A4-0FE7-4281-A52B-7B2DDBE13DD3}.Release|x86.Build.0 = Release|Any CPU
		{8EC9192C-4ED0-4719-A719-849664B3C4D3}.Debug|x86.ActiveCfg = Debug|x86
		{8EC9192C-4ED0-4719-A719-849664B3C4D3}.Debug|x86.Build.0 = Debug|x86
		{8EC9192C-4ED0-4719-A719-849664B3C4D3}.Release|x86.ActiveCfg = Release|x86
		{8EC9192C-4ED0-4719-A719-849664B3C4D3}.Release|x86.Build.0 = Release|x86
		{F3B8803F-5231-4D54-B588-10BB340890A5}.Debug|x86.ActiveCfg = Debug|x86
		{F3B8803F-5231-4D54-B588-10BB340890A5}.Debug|x86.Build.0 = Debug|x86
		{F3B8803F-5231-4D54-B588-10BB340890A5}.Release|x86.ActiveCfg = Release|x86
		{F3B8803F-5231-4D54-B588-10BB340890A5}.Release|x86.Build.0 = Release|x86
	EndGlobalSection
	GlobalSection(SolutionProperties) = preSolution
		HideSolutionNode = FALSE
	EndGlobalSection
EndGlobal
